# THIS IS AN AUTOGENERATED FILE. DO NOT EDIT THIS FILE DIRECTLY.
# yarn lockfile v1


JSONStream@^1.0.3:
  version "1.3.0"
  resolved "https://registry.npmjs.org/JSONStream/-/JSONStream-1.3.0.tgz#680ab9ac6572a8a1a207e0b38721db1c77b215e5"
  dependencies:
    jsonparse "^1.2.0"
    through ">=2.2.7 <3"

acorn-dynamic-import@^4.0.0:
  version "4.0.0"
  resolved "https://registry.yarnpkg.com/acorn-dynamic-import/-/acorn-dynamic-import-4.0.0.tgz#482210140582a36b83c3e342e1cfebcaa9240948"

acorn-node@^1.3.0:
  version "1.6.2"
  resolved "https://registry.yarnpkg.com/acorn-node/-/acorn-node-1.6.2.tgz#b7d7ceca6f22e6417af933a62cad4de01048d5d2"
  dependencies:
    acorn "^6.0.2"
    acorn-dynamic-import "^4.0.0"
    acorn-walk "^6.1.0"
    xtend "^4.0.1"

acorn-node@^1.5.2, acorn-node@^1.6.1:
  version "1.8.2"
  resolved "https://registry.yarnpkg.com/acorn-node/-/acorn-node-1.8.2.tgz#114c95d64539e53dede23de8b9d96df7c7ae2af8"
  dependencies:
    acorn "^7.0.0"
    acorn-walk "^7.0.0"
    xtend "^4.0.2"

acorn-walk@^6.1.0:
  version "6.1.0"
  resolved "https://registry.yarnpkg.com/acorn-walk/-/acorn-walk-6.1.0.tgz#c957f4a1460da46af4a0388ce28b4c99355b0cbc"

acorn-walk@^7.0.0:
  version "7.2.0"
  resolved "https://registry.yarnpkg.com/acorn-walk/-/acorn-walk-7.2.0.tgz#0de889a601203909b0fbe07b8938dc21d2e967bc"

acorn@^2.7.0:
  version "2.7.0"
  resolved "https://registry.npmjs.org/acorn/-/acorn-2.7.0.tgz#ab6e7d9d886aaca8b085bc3312b79a198433f0e7"

acorn@^6.0.2:
  version "6.0.4"
  resolved "https://registry.yarnpkg.com/acorn/-/acorn-6.0.4.tgz#77377e7353b72ec5104550aa2d2097a2fd40b754"

acorn@^7.0.0:
  version "7.4.1"
  resolved "https://registry.yarnpkg.com/acorn/-/acorn-7.4.1.tgz#feaed255973d2e77555b83dbc08851a6c63520fa"

ansi-styles@^3.2.1:
  version "3.2.1"
  resolved "https://registry.yarnpkg.com/ansi-styles/-/ansi-styles-3.2.1.tgz#41fbb20243e50b12be0f04b8dedbf07520ce841d"
  dependencies:
    color-convert "^1.9.0"

array-filter@^1.0.0:
  version "1.0.0"
  resolved "https://registry.yarnpkg.com/array-filter/-/array-filter-1.0.0.tgz#baf79e62e6ef4c2a4c0b831232daffec251f9d83"

array-filter@~0.0.0:
  version "0.0.1"
  resolved "https://registry.npmjs.org/array-filter/-/array-filter-0.0.1.tgz#7da8cf2e26628ed732803581fd21f67cacd2eeec"

array-map@~0.0.0:
  version "0.0.0"
  resolved "https://registry.npmjs.org/array-map/-/array-map-0.0.0.tgz#88a2bab73d1cf7bcd5c1b118a003f66f665fa662"

array-reduce@~0.0.0:
  version "0.0.0"
  resolved "https://registry.npmjs.org/array-reduce/-/array-reduce-0.0.0.tgz#173899d3ffd1c7d9383e4479525dbe278cab5f2b"

asn1.js@^4.0.0:
  version "4.9.1"
  resolved "https://registry.npmjs.org/asn1.js/-/asn1.js-4.9.1.tgz#48ba240b45a9280e94748990ba597d216617fd40"
  dependencies:
    bn.js "^4.0.0"
    inherits "^2.0.1"
    minimalistic-assert "^1.0.0"

assert@^1.4.0:
  version "1.4.1"
  resolved "https://registry.npmjs.org/assert/-/assert-1.4.1.tgz#99912d591836b5a6f5b345c0f07eefc08fc65d91"
  dependencies:
    util "0.10.3"

available-typed-arrays@^1.0.0, available-typed-arrays@^1.0.2:
  version "1.0.2"
  resolved "https://registry.yarnpkg.com/available-typed-arrays/-/available-typed-arrays-1.0.2.tgz#6b098ca9d8039079ee3f77f7b783c4480ba513f5"
  dependencies:
    array-filter "^1.0.0"

backbone-metal@^0.6.2:
  version "0.6.2"
  resolved "https://registry.npmjs.org/backbone-metal/-/backbone-metal-0.6.2.tgz#2f01646c636e8c406008dfc178fc5b8f890c5586"
  dependencies:
    backbone "^1.0.0"
    underscore "^1.4.4"

backbone@^1.0.0:
  version "1.3.3"
  resolved "https://registry.npmjs.org/backbone/-/backbone-1.3.3.tgz#4cc80ea7cb1631ac474889ce40f2f8bc683b2999"
  dependencies:
    underscore ">=1.8.3"

balanced-match@^1.0.0:
  version "1.0.0"
  resolved "https://registry.yarnpkg.com/balanced-match/-/balanced-match-1.0.0.tgz#89b4d199ab2bee49de164ea02b89ce462d71b767"

base64-js@^1.0.2:
  version "1.2.0"
  resolved "https://registry.npmjs.org/base64-js/-/base64-js-1.2.0.tgz#a39992d723584811982be5e290bb6a53d86700f1"

benchmark@^2.1.0:
  version "2.1.4"
  resolved "https://registry.yarnpkg.com/benchmark/-/benchmark-2.1.4.tgz#09f3de31c916425d498cc2ee565a0ebf3c2a5629"
  dependencies:
    lodash "^4.17.4"
    platform "^1.3.3"

bn.js@^4.0.0, bn.js@^4.1.0, bn.js@^4.1.1, bn.js@^4.4.0:
  version "4.11.6"
  resolved "https://registry.npmjs.org/bn.js/-/bn.js-4.11.6.tgz#53344adb14617a13f6e8dd2ce28905d1c0ba3215"

brace-expansion@^1.1.7:
  version "1.1.11"
  resolved "https://registry.yarnpkg.com/brace-expansion/-/brace-expansion-1.1.11.tgz#3c7fcbf529d87226f3d2f52b966ff5271eb441dd"
  dependencies:
    balanced-match "^1.0.0"
    concat-map "0.0.1"

brorand@^1.0.1:
  version "1.0.6"
  resolved "https://registry.npmjs.org/brorand/-/brorand-1.0.6.tgz#4028706b915f91f7b349a2e0bf3c376039d216e5"

browser-pack@^6.0.1:
  version "6.0.2"
  resolved "https://registry.npmjs.org/browser-pack/-/browser-pack-6.0.2.tgz#f86cd6cef4f5300c8e63e07a4d512f65fbff4531"
  dependencies:
    JSONStream "^1.0.3"
    combine-source-map "~0.7.1"
    defined "^1.0.0"
    through2 "^2.0.0"
    umd "^3.0.0"

browser-resolve@^2.0.0:
  version "2.0.0"
  resolved "https://registry.yarnpkg.com/browser-resolve/-/browser-resolve-2.0.0.tgz#99b7304cb392f8d73dba741bb2d7da28c6d7842b"
  dependencies:
    resolve "^1.17.0"

browser-stdout@1.3.1:
  version "1.3.1"
  resolved "https://registry.yarnpkg.com/browser-stdout/-/browser-stdout-1.3.1.tgz#baa559ee14ced73452229bad7326467c61fabd60"

browserify-aes@^1.0.0, browserify-aes@^1.0.4:
  version "1.0.6"
  resolved "https://registry.npmjs.org/browserify-aes/-/browserify-aes-1.0.6.tgz#5e7725dbdef1fd5930d4ebab48567ce451c48a0a"
  dependencies:
    buffer-xor "^1.0.2"
    cipher-base "^1.0.0"
    create-hash "^1.1.0"
    evp_bytestokey "^1.0.0"
    inherits "^2.0.1"

browserify-cipher@^1.0.0:
  version "1.0.0"
  resolved "https://registry.npmjs.org/browserify-cipher/-/browserify-cipher-1.0.0.tgz#9988244874bf5ed4e28da95666dcd66ac8fc363a"
  dependencies:
    browserify-aes "^1.0.4"
    browserify-des "^1.0.0"
    evp_bytestokey "^1.0.0"

browserify-des@^1.0.0:
  version "1.0.0"
  resolved "https://registry.npmjs.org/browserify-des/-/browserify-des-1.0.0.tgz#daa277717470922ed2fe18594118a175439721dd"
  dependencies:
    cipher-base "^1.0.1"
    des.js "^1.0.0"
    inherits "^2.0.1"

browserify-rsa@^4.0.0:
  version "4.0.1"
  resolved "https://registry.npmjs.org/browserify-rsa/-/browserify-rsa-4.0.1.tgz#21e0abfaf6f2029cf2fafb133567a701d4135524"
  dependencies:
    bn.js "^4.1.0"
    randombytes "^2.0.1"

browserify-sign@^4.0.0:
  version "4.0.0"
  resolved "https://registry.npmjs.org/browserify-sign/-/browserify-sign-4.0.0.tgz#10773910c3c206d5420a46aad8694f820b85968f"
  dependencies:
    bn.js "^4.1.1"
    browserify-rsa "^4.0.0"
    create-hash "^1.1.0"
    create-hmac "^1.1.2"
    elliptic "^6.0.0"
    inherits "^2.0.1"
    parse-asn1 "^5.0.0"

browserify-zlib@~0.2.0:
  version "0.2.0"
  resolved "https://registry.yarnpkg.com/browserify-zlib/-/browserify-zlib-0.2.0.tgz#2869459d9aa3be245fe8fe2ca1f46e2e7f54d73f"
  dependencies:
    pako "~1.0.5"

browserify@^17.0.0:
  version "17.0.0"
  resolved "https://registry.yarnpkg.com/browserify/-/browserify-17.0.0.tgz#4c48fed6c02bfa2b51fd3b670fddb805723cdc22"
  dependencies:
    JSONStream "^1.0.3"
    assert "^1.4.0"
    browser-pack "^6.0.1"
    browser-resolve "^2.0.0"
    browserify-zlib "~0.2.0"
    buffer "~5.2.1"
    cached-path-relative "^1.0.0"
    concat-stream "^1.6.0"
    console-browserify "^1.1.0"
    constants-browserify "~1.0.0"
    crypto-browserify "^3.0.0"
    defined "^1.0.0"
    deps-sort "^2.0.1"
    domain-browser "^1.2.0"
    duplexer2 "~0.1.2"
    events "^3.0.0"
    glob "^7.1.0"
    has "^1.0.0"
    htmlescape "^1.1.0"
    https-browserify "^1.0.0"
    inherits "~2.0.1"
    insert-module-globals "^7.2.1"
    labeled-stream-splicer "^2.0.0"
    mkdirp-classic "^0.5.2"
    module-deps "^6.2.3"
    os-browserify "~0.3.0"
    parents "^1.0.1"
    path-browserify "^1.0.0"
    process "~0.11.0"
    punycode "^1.3.2"
    querystring-es3 "~0.2.0"
    read-only-stream "^2.0.0"
    readable-stream "^2.0.2"
    resolve "^1.1.4"
    shasum-object "^1.0.0"
    shell-quote "^1.6.1"
    stream-browserify "^3.0.0"
    stream-http "^3.0.0"
    string_decoder "^1.1.1"
    subarg "^1.0.0"
    syntax-error "^1.1.1"
    through2 "^2.0.0"
    timers-browserify "^1.0.1"
    tty-browserify "0.0.1"
    url "~0.11.0"
    util "~0.12.0"
    vm-browserify "^1.0.0"
    xtend "^4.0.0"

buffer-from@^1.0.0:
  version "1.1.1"
  resolved "https://registry.yarnpkg.com/buffer-from/-/buffer-from-1.1.1.tgz#32713bc028f75c02fdb710d7c7bcec1f2c6070ef"

buffer-xor@^1.0.2:
  version "1.0.3"
  resolved "https://registry.npmjs.org/buffer-xor/-/buffer-xor-1.0.3.tgz#26e61ed1422fb70dd42e6e36729ed51d855fe8d9"

buffer@~5.2.1:
  version "5.2.1"
  resolved "https://registry.yarnpkg.com/buffer/-/buffer-5.2.1.tgz#dd57fa0f109ac59c602479044dca7b8b3d0b71d6"
  dependencies:
    base64-js "^1.0.2"
    ieee754 "^1.1.4"

builtin-status-codes@^3.0.0:
  version "3.0.0"
  resolved "https://registry.yarnpkg.com/builtin-status-codes/-/builtin-status-codes-3.0.0.tgz#85982878e21b98e1c66425e03d0174788f569ee8"

cached-path-relative@^1.0.0, cached-path-relative@^1.0.2:
  version "1.0.2"
  resolved "https://registry.yarnpkg.com/cached-path-relative/-/cached-path-relative-1.0.2.tgz#a13df4196d26776220cc3356eb147a52dba2c6db"

call-bind@^1.0.0:
  version "1.0.0"
  resolved "https://registry.yarnpkg.com/call-bind/-/call-bind-1.0.0.tgz#24127054bb3f9bdcb4b1fb82418186072f77b8ce"
  dependencies:
    function-bind "^1.1.1"
    get-intrinsic "^1.0.0"

chalk@^2.0.0:
  version "2.4.2"
  resolved "https://registry.yarnpkg.com/chalk/-/chalk-2.4.2.tgz#cd42541677a54333cf541a49108c1432b44c9424"
  dependencies:
    ansi-styles "^3.2.1"
    escape-string-regexp "^1.0.5"
    supports-color "^5.3.0"

cipher-base@^1.0.0, cipher-base@^1.0.1:
  version "1.0.3"
  resolved "https://registry.npmjs.org/cipher-base/-/cipher-base-1.0.3.tgz#eeabf194419ce900da3018c207d212f2a6df0a07"
  dependencies:
    inherits "^2.0.1"

color-convert@^1.9.0:
  version "1.9.3"
  resolved "https://registry.yarnpkg.com/color-convert/-/color-convert-1.9.3.tgz#bb71850690e1f136567de629d2d5471deda4c1e8"
  dependencies:
    color-name "1.1.3"

color-name@1.1.3:
  version "1.1.3"
  resolved "https://registry.yarnpkg.com/color-name/-/color-name-1.1.3.tgz#a7d0558bd89c42f795dd42328f740831ca53bc25"

combine-source-map@^0.8.0:
  version "0.8.0"
  resolved "https://registry.yarnpkg.com/combine-source-map/-/combine-source-map-0.8.0.tgz#a58d0df042c186fcf822a8e8015f5450d2d79a8b"
  dependencies:
    convert-source-map "~1.1.0"
    inline-source-map "~0.6.0"
    lodash.memoize "~3.0.3"
    source-map "~0.5.3"

combine-source-map@~0.7.1:
  version "0.7.2"
  resolved "https://registry.npmjs.org/combine-source-map/-/combine-source-map-0.7.2.tgz#0870312856b307a87cc4ac486f3a9a62aeccc09e"
  dependencies:
    convert-source-map "~1.1.0"
    inline-source-map "~0.6.0"
    lodash.memoize "~3.0.3"
    source-map "~0.5.3"

commander@2.15.1:
  version "2.15.1"
  resolved "https://registry.yarnpkg.com/commander/-/commander-2.15.1.tgz#df46e867d0fc2aec66a34662b406a9ccafff5b0f"

concat-map@0.0.1:
  version "0.0.1"
  resolved "https://registry.npmjs.org/concat-map/-/concat-map-0.0.1.tgz#d8a96bd77fd68df7793a73036a3ba0d5405d477b"

concat-stream@^1.6.0, concat-stream@^1.6.1, concat-stream@~1.6.0:
  version "1.6.2"
  resolved "https://registry.yarnpkg.com/concat-stream/-/concat-stream-1.6.2.tgz#904bdf194cd3122fc675c77fc4ac3d4ff0fd1a34"
  dependencies:
    buffer-from "^1.0.0"
    inherits "^2.0.3"
    readable-stream "^2.2.2"
    typedarray "^0.0.6"

console-browserify@^1.1.0:
  version "1.1.0"
  resolved "https://registry.npmjs.org/console-browserify/-/console-browserify-1.1.0.tgz#f0241c45730a9fc6323b206dbf38edc741d0bb10"
  dependencies:
    date-now "^0.1.4"

constants-browserify@~1.0.0:
  version "1.0.0"
  resolved "https://registry.npmjs.org/constants-browserify/-/constants-browserify-1.0.0.tgz#c20b96d8c617748aaf1c16021760cd27fcb8cb75"

convert-source-map@~1.1.0:
  version "1.1.3"
  resolved "https://registry.npmjs.org/convert-source-map/-/convert-source-map-1.1.3.tgz#4829c877e9fe49b3161f3bf3673888e204699860"

core-util-is@~1.0.0:
  version "1.0.2"
  resolved "https://registry.npmjs.org/core-util-is/-/core-util-is-1.0.2.tgz#b5fd54220aa2bc5ab57aab7140c940754503c1a7"

create-ecdh@^4.0.0:
  version "4.0.0"
  resolved "https://registry.npmjs.org/create-ecdh/-/create-ecdh-4.0.0.tgz#888c723596cdf7612f6498233eebd7a35301737d"
  dependencies:
    bn.js "^4.1.0"
    elliptic "^6.0.0"

create-hash@^1.1.0, create-hash@^1.1.1:
  version "1.1.2"
  resolved "https://registry.npmjs.org/create-hash/-/create-hash-1.1.2.tgz#51210062d7bb7479f6c65bb41a92208b1d61abad"
  dependencies:
    cipher-base "^1.0.1"
    inherits "^2.0.1"
    ripemd160 "^1.0.0"
    sha.js "^2.3.6"

create-hmac@^1.1.0, create-hmac@^1.1.2:
  version "1.1.4"
  resolved "https://registry.npmjs.org/create-hmac/-/create-hmac-1.1.4.tgz#d3fb4ba253eb8b3f56e39ea2fbcb8af747bd3170"
  dependencies:
    create-hash "^1.1.0"
    inherits "^2.0.1"

crypto-browserify@^3.0.0:
  version "3.11.0"
  resolved "https://registry.npmjs.org/crypto-browserify/-/crypto-browserify-3.11.0.tgz#3652a0906ab9b2a7e0c3ce66a408e957a2485522"
  dependencies:
    browserify-cipher "^1.0.0"
    browserify-sign "^4.0.0"
    create-ecdh "^4.0.0"
    create-hash "^1.1.0"
    create-hmac "^1.1.0"
    diffie-hellman "^5.0.0"
    inherits "^2.0.1"
    pbkdf2 "^3.0.3"
    public-encrypt "^4.0.0"
    randombytes "^2.0.0"

dash-ast@^1.0.0:
  version "1.0.0"
  resolved "https://registry.yarnpkg.com/dash-ast/-/dash-ast-1.0.0.tgz#12029ba5fb2f8aa6f0a861795b23c1b4b6c27d37"

date-now@^0.1.4:
  version "0.1.4"
  resolved "https://registry.npmjs.org/date-now/-/date-now-0.1.4.tgz#eaf439fd4d4848ad74e5cc7dbef200672b9e345b"

debug@3.1.0:
  version "3.1.0"
  resolved "https://registry.yarnpkg.com/debug/-/debug-3.1.0.tgz#5bb5a0672628b64149566ba16819e61518c67261"
  dependencies:
    ms "2.0.0"

define-properties@^1.1.3:
  version "1.1.3"
  resolved "https://registry.yarnpkg.com/define-properties/-/define-properties-1.1.3.tgz#cf88da6cbee26fe6db7094f61d870cbd84cee9f1"
  dependencies:
    object-keys "^1.0.12"

defined@^1.0.0:
  version "1.0.0"
  resolved "https://registry.npmjs.org/defined/-/defined-1.0.0.tgz#c98d9bcef75674188e110969151199e39b1fa693"

deps-sort@^2.0.1:
  version "2.0.1"
  resolved "https://registry.yarnpkg.com/deps-sort/-/deps-sort-2.0.1.tgz#9dfdc876d2bcec3386b6829ac52162cda9fa208d"
  dependencies:
    JSONStream "^1.0.3"
    shasum-object "^1.0.0"
    subarg "^1.0.0"
    through2 "^2.0.0"

des.js@^1.0.0:
  version "1.0.0"
  resolved "https://registry.npmjs.org/des.js/-/des.js-1.0.0.tgz#c074d2e2aa6a8a9a07dbd61f9a15c2cd83ec8ecc"
  dependencies:
    inherits "^2.0.1"
    minimalistic-assert "^1.0.0"

detective@^5.2.0:
  version "5.2.0"
  resolved "https://registry.yarnpkg.com/detective/-/detective-5.2.0.tgz#feb2a77e85b904ecdea459ad897cc90a99bd2a7b"
  dependencies:
    acorn-node "^1.6.1"
    defined "^1.0.0"
    minimist "^1.1.1"

diff@3.5.0:
  version "3.5.0"
  resolved "https://registry.yarnpkg.com/diff/-/diff-3.5.0.tgz#800c0dd1e0a8bfbc95835c202ad220fe317e5a12"

diffie-hellman@^5.0.0:
  version "5.0.2"
  resolved "https://registry.npmjs.org/diffie-hellman/-/diffie-hellman-5.0.2.tgz#b5835739270cfe26acf632099fded2a07f209e5e"
  dependencies:
    bn.js "^4.1.0"
    miller-rabin "^4.0.0"
    randombytes "^2.0.0"

domain-browser@^1.2.0:
  version "1.2.0"
  resolved "https://registry.yarnpkg.com/domain-browser/-/domain-browser-1.2.0.tgz#3d31f50191a6749dd1375a7f522e823d42e54eda"

duplexer2@^0.1.2, duplexer2@~0.1.0, duplexer2@~0.1.2:
  version "0.1.4"
  resolved "https://registry.npmjs.org/duplexer2/-/duplexer2-0.1.4.tgz#8b12dab878c0d69e3e7891051662a32fc6bddcc1"
  dependencies:
    readable-stream "^2.0.2"

elliptic@^6.0.0:
  version "6.3.2"
  resolved "https://registry.npmjs.org/elliptic/-/elliptic-6.3.2.tgz#e4c81e0829cf0a65ab70e998b8232723b5c1bc48"
  dependencies:
    bn.js "^4.4.0"
    brorand "^1.0.1"
    hash.js "^1.0.0"
    inherits "^2.0.1"

es-abstract@^1.17.4, es-abstract@^1.17.5:
  version "1.17.7"
  resolved "https://registry.yarnpkg.com/es-abstract/-/es-abstract-1.17.7.tgz#a4de61b2f66989fc7421676c1cb9787573ace54c"
  dependencies:
    es-to-primitive "^1.2.1"
    function-bind "^1.1.1"
    has "^1.0.3"
    has-symbols "^1.0.1"
    is-callable "^1.2.2"
    is-regex "^1.1.1"
    object-inspect "^1.8.0"
    object-keys "^1.1.1"
    object.assign "^4.1.1"
    string.prototype.trimend "^1.0.1"
    string.prototype.trimstart "^1.0.1"

es-abstract@^1.18.0-next.1:
  version "1.18.0-next.1"
  resolved "https://registry.yarnpkg.com/es-abstract/-/es-abstract-1.18.0-next.1.tgz#6e3a0a4bda717e5023ab3b8e90bec36108d22c68"
  dependencies:
    es-to-primitive "^1.2.1"
    function-bind "^1.1.1"
    has "^1.0.3"
    has-symbols "^1.0.1"
    is-callable "^1.2.2"
    is-negative-zero "^2.0.0"
    is-regex "^1.1.1"
    object-inspect "^1.8.0"
    object-keys "^1.1.1"
    object.assign "^4.1.1"
    string.prototype.trimend "^1.0.1"
    string.prototype.trimstart "^1.0.1"

es-to-primitive@^1.2.1:
  version "1.2.1"
  resolved "https://registry.yarnpkg.com/es-to-primitive/-/es-to-primitive-1.2.1.tgz#e55cd4c9cdc188bcefb03b366c736323fc5c898a"
  dependencies:
    is-callable "^1.1.4"
    is-date-object "^1.0.1"
    is-symbol "^1.0.2"

escape-string-regexp@1.0.5, escape-string-regexp@^1.0.5:
  version "1.0.5"
  resolved "https://registry.yarnpkg.com/escape-string-regexp/-/escape-string-regexp-1.0.5.tgz#1b61c0562190a8dff6ae3bb2cf0200ca130b86d4"

events@^3.0.0:
  version "3.2.0"
  resolved "https://registry.yarnpkg.com/events/-/events-3.2.0.tgz#93b87c18f8efcd4202a461aec4dfc0556b639379"

evp_bytestokey@^1.0.0:
  version "1.0.0"
  resolved "https://registry.npmjs.org/evp_bytestokey/-/evp_bytestokey-1.0.0.tgz#497b66ad9fef65cd7c08a6180824ba1476b66e53"
  dependencies:
    create-hash "^1.1.1"

fast-safe-stringify@^2.0.7:
  version "2.0.7"
  resolved "https://registry.yarnpkg.com/fast-safe-stringify/-/fast-safe-stringify-2.0.7.tgz#124aa885899261f68aedb42a7c080de9da608743"

foreach@^2.0.5:
  version "2.0.5"
  resolved "https://registry.yarnpkg.com/foreach/-/foreach-2.0.5.tgz#0bee005018aeb260d0a3af3ae658dd0136ec1b99"

fs.realpath@^1.0.0:
  version "1.0.0"
  resolved "https://registry.npmjs.org/fs.realpath/-/fs.realpath-1.0.0.tgz#1504ad2523158caa40db4a2787cb01411994ea4f"

function-bind@^1.1.1:
  version "1.1.1"
  resolved "https://registry.yarnpkg.com/function-bind/-/function-bind-1.1.1.tgz#a56899d3ea3c9bab874bb9773b7c5ede92f4895d"

get-assigned-identifiers@^1.2.0:
  version "1.2.0"
  resolved "https://registry.yarnpkg.com/get-assigned-identifiers/-/get-assigned-identifiers-1.2.0.tgz#6dbf411de648cbaf8d9169ebb0d2d576191e2ff1"

get-intrinsic@^1.0.0:
  version "1.0.1"
  resolved "https://registry.yarnpkg.com/get-intrinsic/-/get-intrinsic-1.0.1.tgz#94a9768fcbdd0595a1c9273aacf4c89d075631be"
  dependencies:
    function-bind "^1.1.1"
    has "^1.0.3"
    has-symbols "^1.0.1"

glob@7.1.2, glob@^7.1.0:
  version "7.1.2"
  resolved "https://registry.yarnpkg.com/glob/-/glob-7.1.2.tgz#c19c9df9a028702d678612384a6552404c636d15"
  dependencies:
    fs.realpath "^1.0.0"
    inflight "^1.0.4"
    inherits "2"
    minimatch "^3.0.4"
    once "^1.3.0"
    path-is-absolute "^1.0.0"

growl@1.10.5:
  version "1.10.5"
  resolved "https://registry.yarnpkg.com/growl/-/growl-1.10.5.tgz#f2735dc2283674fa67478b10181059355c369e5e"

has-flag@^3.0.0:
  version "3.0.0"
  resolved "https://registry.yarnpkg.com/has-flag/-/has-flag-3.0.0.tgz#b5d454dc2199ae225699f3467e5a07f3b955bafd"

has-symbols@^1.0.1:
  version "1.0.1"
  resolved "https://registry.yarnpkg.com/has-symbols/-/has-symbols-1.0.1.tgz#9f5214758a44196c406d9bd76cebf81ec2dd31e8"

has@^1.0.0, has@^1.0.3:
  version "1.0.3"
  resolved "https://registry.yarnpkg.com/has/-/has-1.0.3.tgz#722d7cbfc1f6aa8241f16dd814e011e1f41e8796"
  dependencies:
    function-bind "^1.1.1"

hash.js@^1.0.0:
  version "1.0.3"
  resolved "https://registry.npmjs.org/hash.js/-/hash.js-1.0.3.tgz#1332ff00156c0a0ffdd8236013d07b77a0451573"
  dependencies:
    inherits "^2.0.1"

he@1.1.1:
  version "1.1.1"
  resolved "https://registry.yarnpkg.com/he/-/he-1.1.1.tgz#93410fd21b009735151f8868c2f271f3427e23fd"

htmlescape@^1.1.0:
  version "1.1.1"
  resolved "https://registry.npmjs.org/htmlescape/-/htmlescape-1.1.1.tgz#3a03edc2214bca3b66424a3e7959349509cb0351"

https-browserify@^1.0.0:
  version "1.0.0"
  resolved "https://registry.npmjs.org/https-browserify/-/https-browserify-1.0.0.tgz#ec06c10e0a34c0f2faf199f7fd7fc78fffd03c73"

ieee754@^1.1.4:
  version "1.1.8"
  resolved "https://registry.npmjs.org/ieee754/-/ieee754-1.1.8.tgz#be33d40ac10ef1926701f6f08a2d86fbfd1ad3e4"

inflight@^1.0.4:
  version "1.0.6"
  resolved "https://registry.npmjs.org/inflight/-/inflight-1.0.6.tgz#49bd6331d7d02d0c09bc910a1075ba8165b56df9"
  dependencies:
    once "^1.3.0"
    wrappy "1"

inherits@2, inherits@^2.0.1, inherits@^2.0.3, inherits@^2.0.4, inherits@~2.0.1, inherits@~2.0.3, inherits@~2.0.4:
  version "2.0.4"
  resolved "https://registry.yarnpkg.com/inherits/-/inherits-2.0.4.tgz#0fa2c64f932917c3433a0ded55363aae37416b7c"

inherits@2.0.1:
  version "2.0.1"
  resolved "https://registry.npmjs.org/inherits/-/inherits-2.0.1.tgz#b17d08d326b4423e568eff719f91b0b1cbdf69f1"

inline-source-map@~0.6.0:
  version "0.6.2"
  resolved "https://registry.npmjs.org/inline-source-map/-/inline-source-map-0.6.2.tgz#f9393471c18a79d1724f863fa38b586370ade2a5"
  dependencies:
    source-map "~0.5.3"

insert-module-globals@^7.2.1:
  version "7.2.1"
  resolved "https://registry.yarnpkg.com/insert-module-globals/-/insert-module-globals-7.2.1.tgz#d5e33185181a4e1f33b15f7bf100ee91890d5cb3"
  dependencies:
    JSONStream "^1.0.3"
    acorn-node "^1.5.2"
    combine-source-map "^0.8.0"
    concat-stream "^1.6.1"
    is-buffer "^1.1.0"
    path-is-absolute "^1.0.1"
    process "~0.11.0"
    through2 "^2.0.0"
    undeclared-identifiers "^1.1.2"
    xtend "^4.0.0"

is-arguments@^1.0.4:
  version "1.0.4"
  resolved "https://registry.yarnpkg.com/is-arguments/-/is-arguments-1.0.4.tgz#3faf966c7cba0ff437fb31f6250082fcf0448cf3"

is-buffer@^1.1.0:
  version "1.1.4"
  resolved "https://registry.npmjs.org/is-buffer/-/is-buffer-1.1.4.tgz#cfc86ccd5dc5a52fa80489111c6920c457e2d98b"

is-callable@^1.1.4, is-callable@^1.2.2:
  version "1.2.2"
  resolved "https://registry.yarnpkg.com/is-callable/-/is-callable-1.2.2.tgz#c7c6715cd22d4ddb48d3e19970223aceabb080d9"

is-core-module@^2.0.0:
  version "2.0.0"
  resolved "https://registry.yarnpkg.com/is-core-module/-/is-core-module-2.0.0.tgz#58531b70aed1db7c0e8d4eb1a0a2d1ddd64bd12d"
  dependencies:
    has "^1.0.3"

is-date-object@^1.0.1:
  version "1.0.2"
  resolved "https://registry.yarnpkg.com/is-date-object/-/is-date-object-1.0.2.tgz#bda736f2cd8fd06d32844e7743bfa7494c3bfd7e"

is-generator-function@^1.0.7:
  version "1.0.7"
  resolved "https://registry.yarnpkg.com/is-generator-function/-/is-generator-function-1.0.7.tgz#d2132e529bb0000a7f80794d4bdf5cd5e5813522"

is-negative-zero@^2.0.0:
  version "2.0.0"
  resolved "https://registry.yarnpkg.com/is-negative-zero/-/is-negative-zero-2.0.0.tgz#9553b121b0fac28869da9ed459e20c7543788461"

is-regex@^1.1.1:
  version "1.1.1"
  resolved "https://registry.yarnpkg.com/is-regex/-/is-regex-1.1.1.tgz#c6f98aacc546f6cec5468a07b7b153ab564a57b9"
  dependencies:
    has-symbols "^1.0.1"

is-symbol@^1.0.2:
  version "1.0.3"
  resolved "https://registry.yarnpkg.com/is-symbol/-/is-symbol-1.0.3.tgz#38e1014b9e6329be0de9d24a414fd7441ec61937"
  dependencies:
    has-symbols "^1.0.1"

is-typed-array@^1.1.3:
  version "1.1.3"
  resolved "https://registry.yarnpkg.com/is-typed-array/-/is-typed-array-1.1.3.tgz#a4ff5a5e672e1a55f99c7f54e59597af5c1df04d"
  dependencies:
    available-typed-arrays "^1.0.0"
    es-abstract "^1.17.4"
    foreach "^2.0.5"
    has-symbols "^1.0.1"

isarray@~0.0.1:
  version "0.0.1"
  resolved "https://registry.npmjs.org/isarray/-/isarray-0.0.1.tgz#8a18acfca9a8f4177e09abfc6038939b05d1eedf"

isarray@~1.0.0:
  version "1.0.0"
  resolved "https://registry.npmjs.org/isarray/-/isarray-1.0.0.tgz#bb935d48582cba168c06834957a54a3e07124f11"

jsonify@~0.0.0:
  version "0.0.0"
  resolved "https://registry.npmjs.org/jsonify/-/jsonify-0.0.0.tgz#2c74b6ee41d93ca51b7b5aaee8f503631d252a73"

jsonparse@^1.2.0:
  version "1.2.0"
  resolved "https://registry.npmjs.org/jsonparse/-/jsonparse-1.2.0.tgz#5c0c5685107160e72fe7489bddea0b44c2bc67bd"

klass@^1.4.0:
  version "1.4.1"
  resolved "https://registry.npmjs.org/klass/-/klass-1.4.1.tgz#8cef9f989eb318b7cdac7d36f8707ba740d5170d"

labeled-stream-splicer@^2.0.0:
  version "2.0.0"
  resolved "https://registry.npmjs.org/labeled-stream-splicer/-/labeled-stream-splicer-2.0.0.tgz#a52e1d138024c00b86b1c0c91f677918b8ae0a59"
  dependencies:
    inherits "^2.0.1"
    isarray "~0.0.1"
    stream-splicer "^2.0.0"

lodash.memoize@~3.0.3:
  version "3.0.4"
  resolved "https://registry.npmjs.org/lodash.memoize/-/lodash.memoize-3.0.4.tgz#2dcbd2c287cbc0a55cc42328bd0c736150d53e3f"

lodash@^4.17.4:
  version "4.17.14"
  resolved "https://registry.yarnpkg.com/lodash/-/lodash-4.17.14.tgz#9ce487ae66c96254fe20b599f21b6816028078ba"

miller-rabin@^4.0.0:
  version "4.0.0"
  resolved "https://registry.npmjs.org/miller-rabin/-/miller-rabin-4.0.0.tgz#4a62fb1d42933c05583982f4c716f6fb9e6c6d3d"
  dependencies:
    bn.js "^4.0.0"
    brorand "^1.0.1"

minimalistic-assert@^1.0.0:
  version "1.0.0"
  resolved "https://registry.npmjs.org/minimalistic-assert/-/minimalistic-assert-1.0.0.tgz#702be2dda6b37f4836bcb3f5db56641b64a1d3d3"

minimatch@3.0.4, minimatch@^3.0.4:
  version "3.0.4"
  resolved "https://registry.yarnpkg.com/minimatch/-/minimatch-3.0.4.tgz#5166e286457f03306064be5497e8dbb0c3d32083"
  dependencies:
    brace-expansion "^1.1.7"

minimist@0.0.8:
  version "0.0.8"
  resolved "https://registry.npmjs.org/minimist/-/minimist-0.0.8.tgz#857fcabfc3397d2625b8228262e86aa7a011b05d"

minimist@^1.1.0, minimist@^1.1.1:
  version "1.2.0"
  resolved "https://registry.npmjs.org/minimist/-/minimist-1.2.0.tgz#a35008b20f41383eec1fb914f4cd5df79a264284"

mkdirp-classic@^0.5.2:
  version "0.5.3"
  resolved "https://registry.yarnpkg.com/mkdirp-classic/-/mkdirp-classic-0.5.3.tgz#fa10c9115cc6d8865be221ba47ee9bed78601113"

mkdirp@0.5.1:
  version "0.5.1"
  resolved "https://registry.yarnpkg.com/mkdirp/-/mkdirp-0.5.1.tgz#30057438eac6cf7f8c4767f38648d6697d75c903"
  dependencies:
    minimist "0.0.8"

mocha@^5.0.0:
  version "5.2.0"
  resolved "https://registry.yarnpkg.com/mocha/-/mocha-5.2.0.tgz#6d8ae508f59167f940f2b5b3c4a612ae50c90ae6"
  dependencies:
    browser-stdout "1.3.1"
    commander "2.15.1"
    debug "3.1.0"
    diff "3.5.0"
    escape-string-regexp "1.0.5"
    glob "7.1.2"
    growl "1.10.5"
    he "1.1.1"
    minimatch "3.0.4"
    mkdirp "0.5.1"
    supports-color "5.4.0"

module-deps@^6.2.3:
  version "6.2.3"
  resolved "https://registry.yarnpkg.com/module-deps/-/module-deps-6.2.3.tgz#15490bc02af4b56cf62299c7c17cba32d71a96ee"
  dependencies:
    JSONStream "^1.0.3"
    browser-resolve "^2.0.0"
    cached-path-relative "^1.0.2"
    concat-stream "~1.6.0"
    defined "^1.0.0"
    detective "^5.2.0"
    duplexer2 "^0.1.2"
    inherits "^2.0.1"
    parents "^1.0.0"
    readable-stream "^2.0.2"
    resolve "^1.4.0"
    stream-combiner2 "^1.1.1"
    subarg "^1.0.0"
    through2 "^2.0.0"
    xtend "^4.0.0"

ms@2.0.0:
  version "2.0.0"
  resolved "https://registry.yarnpkg.com/ms/-/ms-2.0.0.tgz#5608aeadfc00be6c2901df5f9861788de0d597c8"

object-inspect@^1.8.0:
  version "1.8.0"
  resolved "https://registry.yarnpkg.com/object-inspect/-/object-inspect-1.8.0.tgz#df807e5ecf53a609cc6bfe93eac3cc7be5b3a9d0"

object-keys@^1.0.12, object-keys@^1.1.1:
  version "1.1.1"
  resolved "https://registry.yarnpkg.com/object-keys/-/object-keys-1.1.1.tgz#1c47f272df277f3b1daf061677d9c82e2322c60e"

object.assign@^4.1.1:
  version "4.1.2"
  resolved "https://registry.yarnpkg.com/object.assign/-/object.assign-4.1.2.tgz#0ed54a342eceb37b38ff76eb831a0e788cb63940"
  dependencies:
    call-bind "^1.0.0"
    define-properties "^1.1.3"
    has-symbols "^1.0.1"
    object-keys "^1.1.1"

once@^1.3.0:
  version "1.4.0"
  resolved "https://registry.npmjs.org/once/-/once-1.4.0.tgz#583b1aa775961d4b113ac17d9c50baef9dd76bd1"
  dependencies:
    wrappy "1"

os-browserify@~0.3.0:
  version "0.3.0"
  resolved "https://registry.yarnpkg.com/os-browserify/-/os-browserify-0.3.0.tgz#854373c7f5c2315914fc9bfc6bd8238fdda1ec27"

pako@~1.0.5:
  version "1.0.6"
  resolved "https://registry.yarnpkg.com/pako/-/pako-1.0.6.tgz#0101211baa70c4bca4a0f63f2206e97b7dfaf258"

parents@^1.0.0, parents@^1.0.1:
  version "1.0.1"
  resolved "https://registry.npmjs.org/parents/-/parents-1.0.1.tgz#fedd4d2bf193a77745fe71e371d73c3307d9c751"
  dependencies:
    path-platform "~0.11.15"

parse-asn1@^5.0.0:
  version "5.0.0"
  resolved "https://registry.npmjs.org/parse-asn1/-/parse-asn1-5.0.0.tgz#35060f6d5015d37628c770f4e091a0b5a278bc23"
  dependencies:
    asn1.js "^4.0.0"
    browserify-aes "^1.0.0"
    create-hash "^1.1.0"
    evp_bytestokey "^1.0.0"
    pbkdf2 "^3.0.3"

path-browserify@^1.0.0:
  version "1.0.1"
  resolved "https://registry.yarnpkg.com/path-browserify/-/path-browserify-1.0.1.tgz#d98454a9c3753d5790860f16f68867b9e46be1fd"

path-is-absolute@^1.0.0, path-is-absolute@^1.0.1:
  version "1.0.1"
  resolved "https://registry.npmjs.org/path-is-absolute/-/path-is-absolute-1.0.1.tgz#174b9268735534ffbc7ace6bf53a5a9e1b5c5f5f"

path-parse@^1.0.6:
  version "1.0.6"
  resolved "https://registry.yarnpkg.com/path-parse/-/path-parse-1.0.6.tgz#d62dbb5679405d72c4737ec58600e9ddcf06d24c"

path-platform@~0.11.15:
  version "0.11.15"
  resolved "https://registry.npmjs.org/path-platform/-/path-platform-0.11.15.tgz#e864217f74c36850f0852b78dc7bf7d4a5721bf2"

pbkdf2@^3.0.3:
  version "3.0.9"
  resolved "https://registry.npmjs.org/pbkdf2/-/pbkdf2-3.0.9.tgz#f2c4b25a600058b3c3773c086c37dbbee1ffe693"
  dependencies:
    create-hmac "^1.1.2"

platform@^1.3.3:
  version "1.3.3"
  resolved "https://registry.npmjs.org/platform/-/platform-1.3.3.tgz#646c77011899870b6a0903e75e997e8e51da7461"

process-nextick-args@~2.0.0:
  version "2.0.0"
  resolved "https://registry.yarnpkg.com/process-nextick-args/-/process-nextick-args-2.0.0.tgz#a37d732f4271b4ab1ad070d35508e8290788ffaa"

process@~0.11.0:
  version "0.11.9"
  resolved "https://registry.npmjs.org/process/-/process-0.11.9.tgz#7bd5ad21aa6253e7da8682264f1e11d11c0318c1"

public-encrypt@^4.0.0:
  version "4.0.0"
  resolved "https://registry.npmjs.org/public-encrypt/-/public-encrypt-4.0.0.tgz#39f699f3a46560dd5ebacbca693caf7c65c18cc6"
  dependencies:
    bn.js "^4.1.0"
    browserify-rsa "^4.0.0"
    create-hash "^1.1.0"
    parse-asn1 "^5.0.0"
    randombytes "^2.0.1"

punycode@1.3.2:
  version "1.3.2"
  resolved "https://registry.npmjs.org/punycode/-/punycode-1.3.2.tgz#9653a036fb7c1ee42342f2325cceefea3926c48d"

punycode@^1.3.2:
  version "1.4.1"
  resolved "https://registry.npmjs.org/punycode/-/punycode-1.4.1.tgz#c0d5a63b2718800ad8e1eb0fa5269c84dd41845e"

querystring-es3@~0.2.0:
  version "0.2.1"
  resolved "https://registry.npmjs.org/querystring-es3/-/querystring-es3-0.2.1.tgz#9ec61f79049875707d69414596fd907a4d711e73"

querystring@0.2.0:
  version "0.2.0"
  resolved "https://registry.npmjs.org/querystring/-/querystring-0.2.0.tgz#b209849203bb25df820da756e747005878521620"

randombytes@^2.0.0, randombytes@^2.0.1:
  version "2.0.3"
  resolved "https://registry.npmjs.org/randombytes/-/randombytes-2.0.3.tgz#674c99760901c3c4112771a31e521dc349cc09ec"

read-only-stream@^2.0.0:
  version "2.0.0"
  resolved "https://registry.npmjs.org/read-only-stream/-/read-only-stream-2.0.0.tgz#2724fd6a8113d73764ac288d4386270c1dbf17f0"
  dependencies:
    readable-stream "^2.0.2"

readable-stream@^2.0.2, readable-stream@^2.1.5, readable-stream@^2.2.2:
  version "2.3.6"
  resolved "https://registry.yarnpkg.com/readable-stream/-/readable-stream-2.3.6.tgz#b11c27d88b8ff1fbe070643cf94b0c79ae1b0aaf"
  dependencies:
    core-util-is "~1.0.0"
    inherits "~2.0.3"
    isarray "~1.0.0"
    process-nextick-args "~2.0.0"
    safe-buffer "~5.1.1"
    string_decoder "~1.1.1"
    util-deprecate "~1.0.1"

readable-stream@^3.5.0, readable-stream@^3.6.0:
  version "3.6.0"
  resolved "https://registry.yarnpkg.com/readable-stream/-/readable-stream-3.6.0.tgz#337bbda3adc0706bd3e024426a286d4b4b2c9198"
  dependencies:
    inherits "^2.0.3"
    string_decoder "^1.1.1"
    util-deprecate "^1.0.1"

resolve@^1.1.4, resolve@^1.17.0, resolve@^1.4.0:
  version "1.18.1"
  resolved "https://registry.yarnpkg.com/resolve/-/resolve-1.18.1.tgz#018fcb2c5b207d2a6424aee361c5a266da8f4130"
  dependencies:
    is-core-module "^2.0.0"
    path-parse "^1.0.6"

ripemd160@^1.0.0:
  version "1.0.1"
  resolved "https://registry.npmjs.org/ripemd160/-/ripemd160-1.0.1.tgz#93a4bbd4942bc574b69a8fa57c71de10ecca7d6e"

safe-buffer@^5.1.2:
  version "5.2.1"
  resolved "https://registry.yarnpkg.com/safe-buffer/-/safe-buffer-5.2.1.tgz#1eaf9fa9bdb1fdd4ec75f58f9cdb4e6b7827eec6"

safe-buffer@~5.1.0, safe-buffer@~5.1.1:
  version "5.1.2"
  resolved "https://registry.yarnpkg.com/safe-buffer/-/safe-buffer-5.1.2.tgz#991ec69d296e0313747d59bdfd2b745c35f8828d"

sha.js@^2.3.6:
  version "2.4.8"
  resolved "https://registry.npmjs.org/sha.js/-/sha.js-2.4.8.tgz#37068c2c476b6baf402d14a49c67f597921f634f"
  dependencies:
    inherits "^2.0.1"

shasum-object@^1.0.0:
  version "1.0.0"
  resolved "https://registry.yarnpkg.com/shasum-object/-/shasum-object-1.0.0.tgz#0b7b74ff5b66ecf9035475522fa05090ac47e29e"
  dependencies:
    fast-safe-stringify "^2.0.7"

shell-quote@^1.6.1:
  version "1.6.1"
  resolved "https://registry.npmjs.org/shell-quote/-/shell-quote-1.6.1.tgz#f4781949cce402697127430ea3b3c5476f481767"
  dependencies:
    array-filter "~0.0.0"
    array-map "~0.0.0"
    array-reduce "~0.0.0"
    jsonify "~0.0.0"

simple-concat@^1.0.0:
  version "1.0.1"
  resolved "https://registry.yarnpkg.com/simple-concat/-/simple-concat-1.0.1.tgz#f46976082ba35c2263f1c8ab5edfe26c41c9552f"

source-map@~0.5.3:
  version "0.5.6"
  resolved "https://registry.npmjs.org/source-map/-/source-map-0.5.6.tgz#75ce38f52bf0733c5a7f0c118d81334a2bb5f412"

stream-browserify@^3.0.0:
  version "3.0.0"
  resolved "https://registry.yarnpkg.com/stream-browserify/-/stream-browserify-3.0.0.tgz#22b0a2850cdf6503e73085da1fc7b7d0c2122f2f"
  dependencies:
    inherits "~2.0.4"
    readable-stream "^3.5.0"

stream-combiner2@^1.1.1:
  version "1.1.1"
  resolved "https://registry.npmjs.org/stream-combiner2/-/stream-combiner2-1.1.1.tgz#fb4d8a1420ea362764e21ad4780397bebcb41cbe"
  dependencies:
    duplexer2 "~0.1.0"
    readable-stream "^2.0.2"

stream-http@^3.0.0:
  version "3.1.1"
  resolved "https://registry.yarnpkg.com/stream-http/-/stream-http-3.1.1.tgz#0370a8017cf8d050b9a8554afe608f043eaff564"
  dependencies:
    builtin-status-codes "^3.0.0"
    inherits "^2.0.4"
    readable-stream "^3.6.0"
    xtend "^4.0.2"

stream-splicer@^2.0.0:
  version "2.0.0"
  resolved "https://registry.npmjs.org/stream-splicer/-/stream-splicer-2.0.0.tgz#1b63be438a133e4b671cc1935197600175910d83"
  dependencies:
    inherits "^2.0.1"
    readable-stream "^2.0.2"

string.prototype.trimend@^1.0.1:
  version "1.0.2"
  resolved "https://registry.yarnpkg.com/string.prototype.trimend/-/string.prototype.trimend-1.0.2.tgz#6ddd9a8796bc714b489a3ae22246a208f37bfa46"
  dependencies:
    define-properties "^1.1.3"
    es-abstract "^1.18.0-next.1"

string.prototype.trimstart@^1.0.1:
  version "1.0.2"
  resolved "https://registry.yarnpkg.com/string.prototype.trimstart/-/string.prototype.trimstart-1.0.2.tgz#22d45da81015309cd0cdd79787e8919fc5c613e7"
  dependencies:
    define-properties "^1.1.3"
    es-abstract "^1.18.0-next.1"

string_decoder@^1.1.1, string_decoder@~1.1.1:
  version "1.1.1"
  resolved "https://registry.yarnpkg.com/string_decoder/-/string_decoder-1.1.1.tgz#9cf1611ba62685d7030ae9e4ba34149c3af03fc8"
  dependencies:
    safe-buffer "~5.1.0"

subarg@^1.0.0:
  version "1.0.0"
  resolved "https://registry.npmjs.org/subarg/-/subarg-1.0.0.tgz#f62cf17581e996b48fc965699f54c06ae268b8d2"
  dependencies:
    minimist "^1.1.0"

supports-color@5.4.0:
  version "5.4.0"
  resolved "https://registry.yarnpkg.com/supports-color/-/supports-color-5.4.0.tgz#1c6b337402c2137605efe19f10fec390f6faab54"
  dependencies:
    has-flag "^3.0.0"

supports-color@^5.3.0:
  version "5.5.0"
  resolved "https://registry.yarnpkg.com/supports-color/-/supports-color-5.5.0.tgz#e2e69a44ac8772f78a1ec0b35b689df6530efc8f"
  dependencies:
    has-flag "^3.0.0"

syntax-error@^1.1.1:
  version "1.1.6"
  resolved "https://registry.npmjs.org/syntax-error/-/syntax-error-1.1.6.tgz#b4549706d386cc1c1dc7c2423f18579b6cade710"
  dependencies:
    acorn "^2.7.0"

through2@^2.0.0:
  version "2.0.3"
  resolved "https://registry.npmjs.org/through2/-/through2-2.0.3.tgz#0004569b37c7c74ba39c43f3ced78d1ad94140be"
  dependencies:
    readable-stream "^2.1.5"
    xtend "~4.0.1"

"through@>=2.2.7 <3":
  version "2.3.8"
  resolved "https://registry.npmjs.org/through/-/through-2.3.8.tgz#0dd4c9ffaabc357960b1b724115d7e0e86a2e1f5"

timers-browserify@^1.0.1:
  version "1.4.2"
  resolved "https://registry.npmjs.org/timers-browserify/-/timers-browserify-1.4.2.tgz#c9c58b575be8407375cb5e2462dacee74359f41d"
  dependencies:
    process "~0.11.0"

traceur-runtime@0.0.59:
  version "0.0.59"
  resolved "https://registry.npmjs.org/traceur-runtime/-/traceur-runtime-0.0.59.tgz#666ccd4e0a50b53765f6938b3e9828e706f8e57b"

tty-browserify@0.0.1:
  version "0.0.1"
  resolved "https://registry.yarnpkg.com/tty-browserify/-/tty-browserify-0.0.1.tgz#3f05251ee17904dfd0677546670db9651682b811"

typedarray@^0.0.6:
  version "0.0.6"
  resolved "https://registry.npmjs.org/typedarray/-/typedarray-0.0.6.tgz#867ac74e3864187b1d3d47d996a78ec5c8830777"

uberproto@^2.0.0:
  version "2.0.4"
  resolved "https://registry.yarnpkg.com/uberproto/-/uberproto-2.0.4.tgz#f215bcc227c1b8fd8fccd8d701b9c96dd71ff85d"

umd@^3.0.0:
  version "3.0.1"
  resolved "https://registry.npmjs.org/umd/-/umd-3.0.1.tgz#8ae556e11011f63c2596708a8837259f01b3d60e"

undeclared-identifiers@^1.1.2:
  version "1.1.3"
  resolved "https://registry.yarnpkg.com/undeclared-identifiers/-/undeclared-identifiers-1.1.3.tgz#9254c1d37bdac0ac2b52de4b6722792d2a91e30f"
  dependencies:
    acorn-node "^1.3.0"
    dash-ast "^1.0.0"
    get-assigned-identifiers "^1.2.0"
    simple-concat "^1.0.0"
    xtend "^4.0.1"

underscore@>=1.8.3, underscore@^1.4.4:
  version "1.8.3"
  resolved "https://registry.npmjs.org/underscore/-/underscore-1.8.3.tgz#4f3fb53b106e6097fcf9cb4109f2a5e9bdfa5022"

url@~0.11.0:
  version "0.11.0"
  resolved "https://registry.npmjs.org/url/-/url-0.11.0.tgz#3838e97cfc60521eb73c525a8e55bfdd9e2e28f1"
  dependencies:
    punycode "1.3.2"
    querystring "0.2.0"

util-deprecate@^1.0.1, util-deprecate@~1.0.1:
  version "1.0.2"
  resolved "https://registry.npmjs.org/util-deprecate/-/util-deprecate-1.0.2.tgz#450d4dc9fa70de732762fbd2d4a28981419a0ccf"

util@0.10.3:
  version "0.10.3"
  resolved "https://registry.npmjs.org/util/-/util-0.10.3.tgz#7afb1afe50805246489e3db7fe0ed379336ac0f9"
  dependencies:
    inherits "2.0.1"

util@~0.12.0:
  version "0.12.3"
  resolved "https://registry.yarnpkg.com/util/-/util-0.12.3.tgz#971bb0292d2cc0c892dab7c6a5d37c2bec707888"
  dependencies:
    inherits "^2.0.3"
    is-arguments "^1.0.4"
    is-generator-function "^1.0.7"
    is-typed-array "^1.1.3"
    safe-buffer "^5.1.2"
    which-typed-array "^1.1.2"

vm-browserify@^1.0.0:
  version "1.1.0"
  resolved "https://registry.yarnpkg.com/vm-browserify/-/vm-browserify-1.1.0.tgz#bd76d6a23323e2ca8ffa12028dc04559c75f9019"

which-typed-array@^1.1.2:
  version "1.1.2"
  resolved "https://registry.yarnpkg.com/which-typed-array/-/which-typed-array-1.1.2.tgz#e5f98e56bda93e3dac196b01d47c1156679c00b2"
  dependencies:
    available-typed-arrays "^1.0.2"
    es-abstract "^1.17.5"
    foreach "^2.0.5"
    function-bind "^1.1.1"
    has-symbols "^1.0.1"
    is-typed-array "^1.1.3"

wrappy@1:
  version "1.0.2"
  resolved "https://registry.npmjs.org/wrappy/-/wrappy-1.0.2.tgz#b5243d8f3ec1aa35f1364605bc0d1036e30ab69f"

xtend@^4.0.0, xtend@^4.0.1, xtend@^4.0.2, xtend@~4.0.1:
  version "4.0.2"
  resolved "https://registry.yarnpkg.com/xtend/-/xtend-4.0.2.tgz#bb72779f5fa465186b1f438f674fa347fdb5db54"
